
Microsoft Visual Studio Solution File, Format Version 12.00
# Visual Studio 15
VisualStudioVersion = 15.0.28307.489
MinimumVisualStudioVersion = 10.0.40219.1
Project("{FAE04EC0-301F-11D3-BF4B-00C04F79EFBC}") = "BackOffice.Core", "BackOffice.Core\BackOffice.Core.csproj", "{91FD57FD-84C6-48EC-8765-5DA1D0F17AF0}"
EndProject
Global
	GlobalSection(SolutionConfigurationPlatforms) = preSolution
		Debug|Any CPU = Debug|Any CPU
		Release|Any CPU = Release|Any CPU
	EndGlobalSection
	GlobalSection(ProjectConfigurationPlatforms) = postSolution
		{91FD57FD-84C6-48EC-8765-5DA1D0F17AF0}.Debug|Any CPU.ActiveCfg = Debug|Any CPU
		{91FD57FD-84C6-48EC-8765-5DA1D0F17AF0}.Debug|Any CPU.Build.0 = Debug|Any CPU
		{91FD57FD-84C6-48EC-8765-5DA1D0F17AF0}.Release|Any CPU.ActiveCfg = Release|Any CPU
		{91FD57FD-84C6-48EC-8765-5DA1D0F17AF0}.Release|Any CPU.Build.0 = Release|Any CPU
	EndGlobalSection
	GlobalSection(SolutionProperties) = preSolution
		HideSolutionNode = FALSE
	EndGlobalSection
	GlobalSection(ExtensibilityGlobals) = postSolution
		SolutionGuid = {B89EA099-3A86-4185-890E-AF2A929E680D}
	EndGlobalSection
EndGlobal
